// !$*UTF8*$!
{
	archiveVersion = 1;
	classes = {
	};
	objectVersion = 46;
	objects = {

/* Begin PBXBuildFile section */
		798D9B3718D3A31A00F0A2AB /* Foundation.framework in Frameworks */ = {isa = PBXBuildFile; fileRef = 798D9B3618D3A31A00F0A2AB /* Foundation.framework */; };
		798D9B4518D3A31A00F0A2AB /* XCTest.framework in Frameworks */ = {isa = PBXBuildFile; fileRef = 798D9B4418D3A31A00F0A2AB /* XCTest.framework */; };
		798D9B4618D3A31A00F0A2AB /* Foundation.framework in Frameworks */ = {isa = PBXBuildFile; fileRef = 798D9B3618D3A31A00F0A2AB /* Foundation.framework */; };
		798D9B4818D3A31A00F0A2AB /* UIKit.framework in Frameworks */ = {isa = PBXBuildFile; fileRef = 798D9B4718D3A31A00F0A2AB /* UIKit.framework */; };
		798D9B4B18D3A31A00F0A2AB /* libMEFoundation.a in Frameworks */ = {isa = PBXBuildFile; fileRef = 798D9B3318D3A31A00F0A2AB /* libMEFoundation.a */; };
		798D9B5118D3A31A00F0A2AB /* InfoPlist.strings in Resources */ = {isa = PBXBuildFile; fileRef = 798D9B4F18D3A31A00F0A2AB /* InfoPlist.strings */; };
		798D9B7818D3A42000F0A2AB /* NSArray+MEExtensions.m in Sources */ = {isa = PBXBuildFile; fileRef = 798D9B6118D3A42000F0A2AB /* NSArray+MEExtensions.m */; };
		798D9B7918D3A42000F0A2AB /* NSBundle+MEExtensions.m in Sources */ = {isa = PBXBuildFile; fileRef = 798D9B6318D3A42000F0A2AB /* NSBundle+MEExtensions.m */; };
		798D9B7A18D3A42000F0A2AB /* NSData+MEExtensions.m in Sources */ = {isa = PBXBuildFile; fileRef = 798D9B6518D3A42000F0A2AB /* NSData+MEExtensions.m */; };
		798D9B7B18D3A42000F0A2AB /* NSDate+MEExtensions.m in Sources */ = {isa = PBXBuildFile; fileRef = 798D9B6718D3A42000F0A2AB /* NSDate+MEExtensions.m */; };
		798D9B7D18D3A42000F0A2AB /* NSFileManager+MEExtensions.m in Sources */ = {isa = PBXBuildFile; fileRef = 798D9B6B18D3A42000F0A2AB /* NSFileManager+MEExtensions.m */; };
		798D9B7E18D3A42000F0A2AB /* NSMutableArray+MEExtensions.m in Sources */ = {isa = PBXBuildFile; fileRef = 798D9B6D18D3A42000F0A2AB /* NSMutableArray+MEExtensions.m */; };
		798D9B7F18D3A42000F0A2AB /* NSObject+MEExtensions.m in Sources */ = {isa = PBXBuildFile; fileRef = 798D9B6F18D3A42000F0A2AB /* NSObject+MEExtensions.m */; };
		798D9B8018D3A42000F0A2AB /* NSObject+MELocalizationExtensions.m in Sources */ = {isa = PBXBuildFile; fileRef = 798D9B7118D3A42000F0A2AB /* NSObject+MELocalizationExtensions.m */; };
		798D9B8118D3A42000F0A2AB /* NSSet+MEExtensions.m in Sources */ = {isa = PBXBuildFile; fileRef = 798D9B7318D3A42000F0A2AB /* NSSet+MEExtensions.m */; };
		798D9B8218D3A42000F0A2AB /* NSString+MEExtensions.m in Sources */ = {isa = PBXBuildFile; fileRef = 798D9B7518D3A42000F0A2AB /* NSString+MEExtensions.m */; };
		798D9B8318D3A42000F0A2AB /* NSURL+MEExtensions.m in Sources */ = {isa = PBXBuildFile; fileRef = 798D9B7718D3A42000F0A2AB /* NSURL+MEExtensions.m */; };
		798D9B8718D3A4B200F0A2AB /* MEFoundation.h in CopyFiles */ = {isa = PBXBuildFile; fileRef = 798D9B8418D3A45E00F0A2AB /* MEFoundation.h */; };
		798D9B8818D3A4B700F0A2AB /* MEDebugging.h in CopyFiles */ = {isa = PBXBuildFile; fileRef = 798D9B5C18D3A42000F0A2AB /* MEDebugging.h */; };
		798D9B8918D3A4B700F0A2AB /* MEFunctions.h in CopyFiles */ = {isa = PBXBuildFile; fileRef = 798D9B5D18D3A42000F0A2AB /* MEFunctions.h */; };
		798D9B8A18D3A4B700F0A2AB /* MEGeometry.h in CopyFiles */ = {isa = PBXBuildFile; fileRef = 798D9B5E18D3A42000F0A2AB /* MEGeometry.h */; };
		798D9B8B18D3A4B700F0A2AB /* MEMacros.h in CopyFiles */ = {isa = PBXBuildFile; fileRef = 798D9B5F18D3A42000F0A2AB /* MEMacros.h */; };
		798D9B8C18D3A4CB00F0A2AB /* NSArray+MEExtensions.h in CopyFiles */ = {isa = PBXBuildFile; fileRef = 798D9B6018D3A42000F0A2AB /* NSArray+MEExtensions.h */; };
		798D9B8D18D3A4CB00F0A2AB /* NSBundle+MEExtensions.h in CopyFiles */ = {isa = PBXBuildFile; fileRef = 798D9B6218D3A42000F0A2AB /* NSBundle+MEExtensions.h */; };
		798D9B8E18D3A4CB00F0A2AB /* NSData+MEExtensions.h in CopyFiles */ = {isa = PBXBuildFile; fileRef = 798D9B6418D3A42000F0A2AB /* NSData+MEExtensions.h */; };
		798D9B8F18D3A4CB00F0A2AB /* NSDate+MEExtensions.h in CopyFiles */ = {isa = PBXBuildFile; fileRef = 798D9B6618D3A42000F0A2AB /* NSDate+MEExtensions.h */; };
		798D9B9118D3A4CB00F0A2AB /* NSFileManager+MEExtensions.h in CopyFiles */ = {isa = PBXBuildFile; fileRef = 798D9B6A18D3A42000F0A2AB /* NSFileManager+MEExtensions.h */; };
		798D9B9218D3A4CB00F0A2AB /* NSMutableArray+MEExtensions.h in CopyFiles */ = {isa = PBXBuildFile; fileRef = 798D9B6C18D3A42000F0A2AB /* NSMutableArray+MEExtensions.h */; };
		798D9B9318D3A4CB00F0A2AB /* NSObject+MEExtensions.h in CopyFiles */ = {isa = PBXBuildFile; fileRef = 798D9B6E18D3A42000F0A2AB /* NSObject+MEExtensions.h */; };
		798D9B9418D3A4CB00F0A2AB /* NSObject+MELocalizationExtensions.h in CopyFiles */ = {isa = PBXBuildFile; fileRef = 798D9B7018D3A42000F0A2AB /* NSObject+MELocalizationExtensions.h */; };
		798D9B9518D3A4CB00F0A2AB /* NSSet+MEExtensions.h in CopyFiles */ = {isa = PBXBuildFile; fileRef = 798D9B7218D3A42000F0A2AB /* NSSet+MEExtensions.h */; };
		798D9B9618D3A4CB00F0A2AB /* NSString+MEExtensions.h in CopyFiles */ = {isa = PBXBuildFile; fileRef = 798D9B7418D3A42000F0A2AB /* NSString+MEExtensions.h */; };
		798D9B9718D3A4CB00F0A2AB /* NSURL+MEExtensions.h in CopyFiles */ = {isa = PBXBuildFile; fileRef = 798D9B7618D3A42000F0A2AB /* NSURL+MEExtensions.h */; };
		798D9B9918D3DF2200F0A2AB /* NSString+MEExtensionsTestCase.m in Sources */ = {isa = PBXBuildFile; fileRef = 798D9B9818D3DF2200F0A2AB /* NSString+MEExtensionsTestCase.m */; };
		798D9C8B18D4EECA00F0A2AB /* InfoPlist.strings in Resources */ = {isa = PBXBuildFile; fileRef = 798D9C8918D4EECA00F0A2AB /* InfoPlist.strings */; };
		798D9C9518D4EECA00F0A2AB /* XCTest.framework in Frameworks */ = {isa = PBXBuildFile; fileRef = 798D9B4418D3A31A00F0A2AB /* XCTest.framework */; };
		798D9C9618D4EECA00F0A2AB /* Cocoa.framework in Frameworks */ = {isa = PBXBuildFile; fileRef = 798D9C8018D4EEC900F0A2AB /* Cocoa.framework */; };
		798D9C9918D4EECA00F0A2AB /* MEFoundation.framework in Frameworks */ = {isa = PBXBuildFile; fileRef = 798D9C7F18D4EEC900F0A2AB /* MEFoundation.framework */; };
		798D9C9F18D4EECA00F0A2AB /* InfoPlist.strings in Resources */ = {isa = PBXBuildFile; fileRef = 798D9C9D18D4EECA00F0A2AB /* InfoPlist.strings */; };
		79E1F9BB18D4F0BC00A2414E /* MEFoundation.h in Headers */ = {isa = PBXBuildFile; fileRef = 798D9B8418D3A45E00F0A2AB /* MEFoundation.h */; settings = {ATTRIBUTES = (Public, ); }; };
		79E1F9BC18D4F0CC00A2414E /* MEDebugging.h in Headers */ = {isa = PBXBuildFile; fileRef = 798D9B5C18D3A42000F0A2AB /* MEDebugging.h */; settings = {ATTRIBUTES = (Public, ); }; };
		79E1F9BD18D4F0CC00A2414E /* MEFunctions.h in Headers */ = {isa = PBXBuildFile; fileRef = 798D9B5D18D3A42000F0A2AB /* MEFunctions.h */; settings = {ATTRIBUTES = (Public, ); }; };
		79E1F9BE18D4F0CC00A2414E /* MEGeometry.h in Headers */ = {isa = PBXBuildFile; fileRef = 798D9B5E18D3A42000F0A2AB /* MEGeometry.h */; settings = {ATTRIBUTES = (Public, ); }; };
		79E1F9BF18D4F0CC00A2414E /* MEMacros.h in Headers */ = {isa = PBXBuildFile; fileRef = 798D9B5F18D3A42000F0A2AB /* MEMacros.h */; settings = {ATTRIBUTES = (Public, ); }; };
		79E1F9C018D4F0E700A2414E /* NSArray+MEExtensions.h in Headers */ = {isa = PBXBuildFile; fileRef = 798D9B6018D3A42000F0A2AB /* NSArray+MEExtensions.h */; settings = {ATTRIBUTES = (Public, ); }; };
		79E1F9C118D4F0E700A2414E /* NSBundle+MEExtensions.h in Headers */ = {isa = PBXBuildFile; fileRef = 798D9B6218D3A42000F0A2AB /* NSBundle+MEExtensions.h */; settings = {ATTRIBUTES = (Public, ); }; };
		79E1F9C218D4F0E700A2414E /* NSData+MEExtensions.h in Headers */ = {isa = PBXBuildFile; fileRef = 798D9B6418D3A42000F0A2AB /* NSData+MEExtensions.h */; settings = {ATTRIBUTES = (Public, ); }; };
		79E1F9C318D4F0E700A2414E /* NSDate+MEExtensions.h in Headers */ = {isa = PBXBuildFile; fileRef = 798D9B6618D3A42000F0A2AB /* NSDate+MEExtensions.h */; settings = {ATTRIBUTES = (Public, ); }; };
		79E1F9C418D4F0E700A2414E /* NSFileManager+MEExtensions.h in Headers */ = {isa = PBXBuildFile; fileRef = 798D9B6A18D3A42000F0A2AB /* NSFileManager+MEExtensions.h */; settings = {ATTRIBUTES = (Public, ); }; };
		79E1F9C518D4F0E700A2414E /* NSMutableArray+MEExtensions.h in Headers */ = {isa = PBXBuildFile; fileRef = 798D9B6C18D3A42000F0A2AB /* NSMutableArray+MEExtensions.h */; settings = {ATTRIBUTES = (Public, ); }; };
		79E1F9C618D4F0E700A2414E /* NSObject+MEExtensions.h in Headers */ = {isa = PBXBuildFile; fileRef = 798D9B6E18D3A42000F0A2AB /* NSObject+MEExtensions.h */; settings = {ATTRIBUTES = (Public, ); }; };
		79E1F9C718D4F0E700A2414E /* NSObject+MELocalizationExtensions.h in Headers */ = {isa = PBXBuildFile; fileRef = 798D9B7018D3A42000F0A2AB /* NSObject+MELocalizationExtensions.h */; settings = {ATTRIBUTES = (Public, ); }; };
		79E1F9C818D4F0E700A2414E /* NSSet+MEExtensions.h in Headers */ = {isa = PBXBuildFile; fileRef = 798D9B7218D3A42000F0A2AB /* NSSet+MEExtensions.h */; settings = {ATTRIBUTES = (Public, ); }; };
		79E1F9C918D4F0E700A2414E /* NSString+MEExtensions.h in Headers */ = {isa = PBXBuildFile; fileRef = 798D9B7418D3A42000F0A2AB /* NSString+MEExtensions.h */; settings = {ATTRIBUTES = (Public, ); }; };
		79E1F9CA18D4F0E700A2414E /* NSURL+MEExtensions.h in Headers */ = {isa = PBXBuildFile; fileRef = 798D9B7618D3A42000F0A2AB /* NSURL+MEExtensions.h */; settings = {ATTRIBUTES = (Public, ); }; };
		79E1F9CB18D4F12700A2414E /* NSString+MEExtensionsTestCase.m in Sources */ = {isa = PBXBuildFile; fileRef = 798D9B9818D3DF2200F0A2AB /* NSString+MEExtensionsTestCase.m */; };
		79E1F9CC18D4F1A000A2414E /* NSArray+MEExtensions.m in Sources */ = {isa = PBXBuildFile; fileRef = 798D9B6118D3A42000F0A2AB /* NSArray+MEExtensions.m */; };
		79E1F9CD18D4F1A000A2414E /* NSBundle+MEExtensions.m in Sources */ = {isa = PBXBuildFile; fileRef = 798D9B6318D3A42000F0A2AB /* NSBundle+MEExtensions.m */; };
		79E1F9CE18D4F1A000A2414E /* NSData+MEExtensions.m in Sources */ = {isa = PBXBuildFile; fileRef = 798D9B6518D3A42000F0A2AB /* NSData+MEExtensions.m */; };
		79E1F9CF18D4F1A000A2414E /* NSDate+MEExtensions.m in Sources */ = {isa = PBXBuildFile; fileRef = 798D9B6718D3A42000F0A2AB /* NSDate+MEExtensions.m */; };
		79E1F9D018D4F1A000A2414E /* NSFileManager+MEExtensions.m in Sources */ = {isa = PBXBuildFile; fileRef = 798D9B6B18D3A42000F0A2AB /* NSFileManager+MEExtensions.m */; };
		79E1F9D118D4F1A000A2414E /* NSMutableArray+MEExtensions.m in Sources */ = {isa = PBXBuildFile; fileRef = 798D9B6D18D3A42000F0A2AB /* NSMutableArray+MEExtensions.m */; };
		79E1F9D218D4F1A000A2414E /* NSObject+MEExtensions.m in Sources */ = {isa = PBXBuildFile; fileRef = 798D9B6F18D3A42000F0A2AB /* NSObject+MEExtensions.m */; };
		79E1F9D318D4F1A000A2414E /* NSObject+MELocalizationExtensions.m in Sources */ = {isa = PBXBuildFile; fileRef = 798D9B7118D3A42000F0A2AB /* NSObject+MELocalizationExtensions.m */; };
		79E1F9D418D4F1A000A2414E /* NSSet+MEExtensions.m in Sources */ = {isa = PBXBuildFile; fileRef = 798D9B7318D3A42000F0A2AB /* NSSet+MEExtensions.m */; };
		79E1F9D518D4F1A000A2414E /* NSString+MEExtensions.m in Sources */ = {isa = PBXBuildFile; fileRef = 798D9B7518D3A42000F0A2AB /* NSString+MEExtensions.m */; };
		79E1F9D618D4F1A000A2414E /* NSURL+MEExtensions.m in Sources */ = {isa = PBXBuildFile; fileRef = 798D9B7718D3A42000F0A2AB /* NSURL+MEExtensions.m */; };
		79E1F9D818D4F27700A2414E /* Foundation.framework in Frameworks */ = {isa = PBXBuildFile; fileRef = 79E1F9D718D4F27700A2414E /* Foundation.framework */; };
/* End PBXBuildFile section */

/* Begin PBXContainerItemProxy section */
		798D9B4918D3A31A00F0A2AB /* PBXContainerItemProxy */ = {
			isa = PBXContainerItemProxy;
			containerPortal = 798D9B2B18D3A31A00F0A2AB /* Project object */;
			proxyType = 1;
			remoteGlobalIDString = 798D9B3218D3A31A00F0A2AB;
			remoteInfo = MEFoundation;
		};
		798D9C9718D4EECA00F0A2AB /* PBXContainerItemProxy */ = {
			isa = PBXContainerItemProxy;
			containerPortal = 798D9B2B18D3A31A00F0A2AB /* Project object */;
			proxyType = 1;
			remoteGlobalIDString = 798D9C7E18D4EEC900F0A2AB;
			remoteInfo = MEFoundationFramework;
		};
/* End PBXContainerItemProxy section */

/* Begin PBXCopyFilesBuildPhase section */
		798D9B3118D3A31A00F0A2AB /* CopyFiles */ = {
			isa = PBXCopyFilesBuildPhase;
			buildActionMask = 2147483647;
			dstPath = "include/$(PRODUCT_NAME)";
			dstSubfolderSpec = 16;
			files = (
				798D9B8C18D3A4CB00F0A2AB /* NSArray+MEExtensions.h in CopyFiles */,
				798D9B8D18D3A4CB00F0A2AB /* NSBundle+MEExtensions.h in CopyFiles */,
				798D9B8E18D3A4CB00F0A2AB /* NSData+MEExtensions.h in CopyFiles */,
				798D9B8F18D3A4CB00F0A2AB /* NSDate+MEExtensions.h in CopyFiles */,
				798D9B9118D3A4CB00F0A2AB /* NSFileManager+MEExtensions.h in CopyFiles */,
				798D9B9218D3A4CB00F0A2AB /* NSMutableArray+MEExtensions.h in CopyFiles */,
				798D9B9318D3A4CB00F0A2AB /* NSObject+MEExtensions.h in CopyFiles */,
				798D9B9418D3A4CB00F0A2AB /* NSObject+MELocalizationExtensions.h in CopyFiles */,
				798D9B9518D3A4CB00F0A2AB /* NSSet+MEExtensions.h in CopyFiles */,
				798D9B9618D3A4CB00F0A2AB /* NSString+MEExtensions.h in CopyFiles */,
				798D9B9718D3A4CB00F0A2AB /* NSURL+MEExtensions.h in CopyFiles */,
				798D9B8718D3A4B200F0A2AB /* MEFoundation.h in CopyFiles */,
				798D9B8818D3A4B700F0A2AB /* MEDebugging.h in CopyFiles */,
				798D9B8918D3A4B700F0A2AB /* MEFunctions.h in CopyFiles */,
				798D9B8A18D3A4B700F0A2AB /* MEGeometry.h in CopyFiles */,
				798D9B8B18D3A4B700F0A2AB /* MEMacros.h in CopyFiles */,
			);
			runOnlyForDeploymentPostprocessing = 0;
		};
/* End PBXCopyFilesBuildPhase section */

/* Begin PBXFileReference section */
		798D9B3318D3A31A00F0A2AB /* libMEFoundation.a */ = {isa = PBXFileReference; explicitFileType = archive.ar; includeInIndex = 0; path = libMEFoundation.a; sourceTree = BUILT_PRODUCTS_DIR; };
		798D9B3618D3A31A00F0A2AB /* Foundation.framework */ = {isa = PBXFileReference; lastKnownFileType = wrapper.framework; name = Foundation.framework; path = System/Library/Frameworks/Foundation.framework; sourceTree = SDKROOT; };
		798D9B3A18D3A31A00F0A2AB /* MEFoundation-Prefix.pch */ = {isa = PBXFileReference; lastKnownFileType = sourcecode.c.h; path = "MEFoundation-Prefix.pch"; sourceTree = "<group>"; };
		798D9B4318D3A31A00F0A2AB /* MEFoundationTests.xctest */ = {isa = PBXFileReference; explicitFileType = wrapper.cfbundle; includeInIndex = 0; path = MEFoundationTests.xctest; sourceTree = BUILT_PRODUCTS_DIR; };
		798D9B4418D3A31A00F0A2AB /* XCTest.framework */ = {isa = PBXFileReference; lastKnownFileType = wrapper.framework; name = XCTest.framework; path = Library/Frameworks/XCTest.framework; sourceTree = DEVELOPER_DIR; };
		798D9B4718D3A31A00F0A2AB /* UIKit.framework */ = {isa = PBXFileReference; lastKnownFileType = wrapper.framework; name = UIKit.framework; path = Library/Frameworks/UIKit.framework; sourceTree = DEVELOPER_DIR; };
		798D9B4E18D3A31A00F0A2AB /* MEFoundationTests-Info.plist */ = {isa = PBXFileReference; lastKnownFileType = text.plist.xml; path = "MEFoundationTests-Info.plist"; sourceTree = "<group>"; };
		798D9B5018D3A31A00F0A2AB /* en */ = {isa = PBXFileReference; lastKnownFileType = text.plist.strings; name = en; path = en.lproj/InfoPlist.strings; sourceTree = "<group>"; };
		798D9B5C18D3A42000F0A2AB /* MEDebugging.h */ = {isa = PBXFileReference; fileEncoding = 4; lastKnownFileType = sourcecode.c.h; path = MEDebugging.h; sourceTree = "<group>"; };
		798D9B5D18D3A42000F0A2AB /* MEFunctions.h */ = {isa = PBXFileReference; fileEncoding = 4; lastKnownFileType = sourcecode.c.h; path = MEFunctions.h; sourceTree = "<group>"; };
		798D9B5E18D3A42000F0A2AB /* MEGeometry.h */ = {isa = PBXFileReference; fileEncoding = 4; lastKnownFileType = sourcecode.c.h; path = MEGeometry.h; sourceTree = "<group>"; };
		798D9B5F18D3A42000F0A2AB /* MEMacros.h */ = {isa = PBXFileReference; fileEncoding = 4; lastKnownFileType = sourcecode.c.h; path = MEMacros.h; sourceTree = "<group>"; };
		798D9B6018D3A42000F0A2AB /* NSArray+MEExtensions.h */ = {isa = PBXFileReference; fileEncoding = 4; lastKnownFileType = sourcecode.c.h; path = "NSArray+MEExtensions.h"; sourceTree = "<group>"; };
		798D9B6118D3A42000F0A2AB /* NSArray+MEExtensions.m */ = {isa = PBXFileReference; fileEncoding = 4; lastKnownFileType = sourcecode.c.objc; path = "NSArray+MEExtensions.m"; sourceTree = "<group>"; };
		798D9B6218D3A42000F0A2AB /* NSBundle+MEExtensions.h */ = {isa = PBXFileReference; fileEncoding = 4; lastKnownFileType = sourcecode.c.h; path = "NSBundle+MEExtensions.h"; sourceTree = "<group>"; };
		798D9B6318D3A42000F0A2AB /* NSBundle+MEExtensions.m */ = {isa = PBXFileReference; fileEncoding = 4; lastKnownFileType = sourcecode.c.objc; path = "NSBundle+MEExtensions.m"; sourceTree = "<group>"; };
		798D9B6418D3A42000F0A2AB /* NSData+MEExtensions.h */ = {isa = PBXFileReference; fileEncoding = 4; lastKnownFileType = sourcecode.c.h; path = "NSData+MEExtensions.h"; sourceTree = "<group>"; };
		798D9B6518D3A42000F0A2AB /* NSData+MEExtensions.m */ = {isa = PBXFileReference; fileEncoding = 4; lastKnownFileType = sourcecode.c.objc; path = "NSData+MEExtensions.m"; sourceTree = "<group>"; };
		798D9B6618D3A42000F0A2AB /* NSDate+MEExtensions.h */ = {isa = PBXFileReference; fileEncoding = 4; lastKnownFileType = sourcecode.c.h; path = "NSDate+MEExtensions.h"; sourceTree = "<group>"; };
		798D9B6718D3A42000F0A2AB /* NSDate+MEExtensions.m */ = {isa = PBXFileReference; fileEncoding = 4; lastKnownFileType = sourcecode.c.objc; path = "NSDate+MEExtensions.m"; sourceTree = "<group>"; };
		798D9B6A18D3A42000F0A2AB /* NSFileManager+MEExtensions.h */ = {isa = PBXFileReference; fileEncoding = 4; lastKnownFileType = sourcecode.c.h; path = "NSFileManager+MEExtensions.h"; sourceTree = "<group>"; };
		798D9B6B18D3A42000F0A2AB /* NSFileManager+MEExtensions.m */ = {isa = PBXFileReference; fileEncoding = 4; lastKnownFileType = sourcecode.c.objc; path = "NSFileManager+MEExtensions.m"; sourceTree = "<group>"; };
		798D9B6C18D3A42000F0A2AB /* NSMutableArray+MEExtensions.h */ = {isa = PBXFileReference; fileEncoding = 4; lastKnownFileType = sourcecode.c.h; path = "NSMutableArray+MEExtensions.h"; sourceTree = "<group>"; };
		798D9B6D18D3A42000F0A2AB /* NSMutableArray+MEExtensions.m */ = {isa = PBXFileReference; fileEncoding = 4; lastKnownFileType = sourcecode.c.objc; path = "NSMutableArray+MEExtensions.m"; sourceTree = "<group>"; };
		798D9B6E18D3A42000F0A2AB /* NSObject+MEExtensions.h */ = {isa = PBXFileReference; fileEncoding = 4; lastKnownFileType = sourcecode.c.h; path = "NSObject+MEExtensions.h"; sourceTree = "<group>"; };
		798D9B6F18D3A42000F0A2AB /* NSObject+MEExtensions.m */ = {isa = PBXFileReference; fileEncoding = 4; lastKnownFileType = sourcecode.c.objc; path = "NSObject+MEExtensions.m"; sourceTree = "<group>"; };
		798D9B7018D3A42000F0A2AB /* NSObject+MELocalizationExtensions.h */ = {isa = PBXFileReference; fileEncoding = 4; lastKnownFileType = sourcecode.c.h; path = "NSObject+MELocalizationExtensions.h"; sourceTree = "<group>"; };
		798D9B7118D3A42000F0A2AB /* NSObject+MELocalizationExtensions.m */ = {isa = PBXFileReference; fileEncoding = 4; lastKnownFileType = sourcecode.c.objc; path = "NSObject+MELocalizationExtensions.m"; sourceTree = "<group>"; };
		798D9B7218D3A42000F0A2AB /* NSSet+MEExtensions.h */ = {isa = PBXFileReference; fileEncoding = 4; lastKnownFileType = sourcecode.c.h; path = "NSSet+MEExtensions.h"; sourceTree = "<group>"; };
		798D9B7318D3A42000F0A2AB /* NSSet+MEExtensions.m */ = {isa = PBXFileReference; fileEncoding = 4; lastKnownFileType = sourcecode.c.objc; path = "NSSet+MEExtensions.m"; sourceTree = "<group>"; };
		798D9B7418D3A42000F0A2AB /* NSString+MEExtensions.h */ = {isa = PBXFileReference; fileEncoding = 4; lastKnownFileType = sourcecode.c.h; path = "NSString+MEExtensions.h"; sourceTree = "<group>"; };
		798D9B7518D3A42000F0A2AB /* NSString+MEExtensions.m */ = {isa = PBXFileReference; fileEncoding = 4; lastKnownFileType = sourcecode.c.objc; path = "NSString+MEExtensions.m"; sourceTree = "<group>"; };
		798D9B7618D3A42000F0A2AB /* NSURL+MEExtensions.h */ = {isa = PBXFileReference; fileEncoding = 4; lastKnownFileType = sourcecode.c.h; path = "NSURL+MEExtensions.h"; sourceTree = "<group>"; };
		798D9B7718D3A42000F0A2AB /* NSURL+MEExtensions.m */ = {isa = PBXFileReference; fileEncoding = 4; lastKnownFileType = sourcecode.c.objc; path = "NSURL+MEExtensions.m"; sourceTree = "<group>"; };
		798D9B8418D3A45E00F0A2AB /* MEFoundation.h */ = {isa = PBXFileReference; lastKnownFileType = sourcecode.c.h; path = MEFoundation.h; sourceTree = "<group>"; };
		798D9B9818D3DF2200F0A2AB /* NSString+MEExtensionsTestCase.m */ = {isa = PBXFileReference; fileEncoding = 4; lastKnownFileType = sourcecode.c.objc; path = "NSString+MEExtensionsTestCase.m"; sourceTree = "<group>"; };
		798D9C7F18D4EEC900F0A2AB /* MEFoundation.framework */ = {isa = PBXFileReference; explicitFileType = wrapper.framework; includeInIndex = 0; path = MEFoundation.framework; sourceTree = BUILT_PRODUCTS_DIR; };
		798D9C8018D4EEC900F0A2AB /* Cocoa.framework */ = {isa = PBXFileReference; lastKnownFileType = wrapper.framework; name = Cocoa.framework; path = Library/Frameworks/Cocoa.framework; sourceTree = DEVELOPER_DIR; };
		798D9C8318D4EECA00F0A2AB /* Foundation.framework */ = {isa = PBXFileReference; lastKnownFileType = wrapper.framework; name = Foundation.framework; path = Library/Frameworks/Foundation.framework; sourceTree = SDKROOT; };
		798D9C8418D4EECA00F0A2AB /* CoreData.framework */ = {isa = PBXFileReference; lastKnownFileType = wrapper.framework; name = CoreData.framework; path = Library/Frameworks/CoreData.framework; sourceTree = SDKROOT; };
		798D9C8518D4EECA00F0A2AB /* AppKit.framework */ = {isa = PBXFileReference; lastKnownFileType = wrapper.framework; name = AppKit.framework; path = Library/Frameworks/AppKit.framework; sourceTree = SDKROOT; };
		798D9C8818D4EECA00F0A2AB /* MEFoundationFramework-Info.plist */ = {isa = PBXFileReference; lastKnownFileType = text.plist.xml; path = "MEFoundationFramework-Info.plist"; sourceTree = "<group>"; };
		798D9C8A18D4EECA00F0A2AB /* en */ = {isa = PBXFileReference; lastKnownFileType = text.plist.strings; name = en; path = en.lproj/InfoPlist.strings; sourceTree = "<group>"; };
		798D9C8C18D4EECA00F0A2AB /* MEFoundationFramework-Prefix.pch */ = {isa = PBXFileReference; lastKnownFileType = sourcecode.c.h; path = "MEFoundationFramework-Prefix.pch"; sourceTree = "<group>"; };
		798D9C9418D4EECA00F0A2AB /* MEFoundationFrameworkTests.xctest */ = {isa = PBXFileReference; explicitFileType = wrapper.cfbundle; includeInIndex = 0; path = MEFoundationFrameworkTests.xctest; sourceTree = BUILT_PRODUCTS_DIR; };
		798D9C9C18D4EECA00F0A2AB /* MEFoundationFrameworkTests-Info.plist */ = {isa = PBXFileReference; lastKnownFileType = text.plist.xml; path = "MEFoundationFrameworkTests-Info.plist"; sourceTree = "<group>"; };
		798D9C9E18D4EECA00F0A2AB /* en */ = {isa = PBXFileReference; lastKnownFileType = text.plist.strings; name = en; path = en.lproj/InfoPlist.strings; sourceTree = "<group>"; };
		79E1F9D718D4F27700A2414E /* Foundation.framework */ = {isa = PBXFileReference; lastKnownFileType = wrapper.framework; name = Foundation.framework; path = Platforms/MacOSX.platform/Developer/SDKs/MacOSX10.9.sdk/System/Library/Frameworks/Foundation.framework; sourceTree = DEVELOPER_DIR; };
		79E1F9D918D4F29700A2414E /* AppKit.framework */ = {isa = PBXFileReference; lastKnownFileType = wrapper.framework; name = AppKit.framework; path = Platforms/MacOSX.platform/Developer/SDKs/MacOSX10.9.sdk/System/Library/Frameworks/AppKit.framework; sourceTree = DEVELOPER_DIR; };
/* End PBXFileReference section */

/* Begin PBXFrameworksBuildPhase section */
		798D9B3018D3A31A00F0A2AB /* Frameworks */ = {
			isa = PBXFrameworksBuildPhase;
			buildActionMask = 2147483647;
			files = (
				798D9B3718D3A31A00F0A2AB /* Foundation.framework in Frameworks */,
			);
			runOnlyForDeploymentPostprocessing = 0;
		};
		798D9B4018D3A31A00F0A2AB /* Frameworks */ = {
			isa = PBXFrameworksBuildPhase;
			buildActionMask = 2147483647;
			files = (
				798D9B4B18D3A31A00F0A2AB /* libMEFoundation.a in Frameworks */,
				798D9B4518D3A31A00F0A2AB /* XCTest.framework in Frameworks */,
				798D9B4818D3A31A00F0A2AB /* UIKit.framework in Frameworks */,
				798D9B4618D3A31A00F0A2AB /* Foundation.framework in Frameworks */,
			);
			runOnlyForDeploymentPostprocessing = 0;
		};
		798D9C7B18D4EEC900F0A2AB /* Frameworks */ = {
			isa = PBXFrameworksBuildPhase;
			buildActionMask = 2147483647;
			files = (
				79E1F9D818D4F27700A2414E /* Foundation.framework in Frameworks */,
			);
			runOnlyForDeploymentPostprocessing = 0;
		};
		798D9C9118D4EECA00F0A2AB /* Frameworks */ = {
			isa = PBXFrameworksBuildPhase;
			buildActionMask = 2147483647;
			files = (
				798D9C9918D4EECA00F0A2AB /* MEFoundation.framework in Frameworks */,
				798D9C9618D4EECA00F0A2AB /* Cocoa.framework in Frameworks */,
				798D9C9518D4EECA00F0A2AB /* XCTest.framework in Frameworks */,
			);
			runOnlyForDeploymentPostprocessing = 0;
		};
/* End PBXFrameworksBuildPhase section */

/* Begin PBXGroup section */
		798D9B2A18D3A31A00F0A2AB = {
			isa = PBXGroup;
			children = (
				798D9B3818D3A31A00F0A2AB /* MEFoundation */,
				798D9B4C18D3A31A00F0A2AB /* MEFoundationTests */,
				798D9C8618D4EECA00F0A2AB /* MEFoundationFramework */,
				798D9C9A18D4EECA00F0A2AB /* MEFoundationFrameworkTests */,
				798D9B3518D3A31A00F0A2AB /* Frameworks */,
				798D9B3418D3A31A00F0A2AB /* Products */,
			);
			sourceTree = "<group>";
		};
		798D9B3418D3A31A00F0A2AB /* Products */ = {
			isa = PBXGroup;
			children = (
				798D9B3318D3A31A00F0A2AB /* libMEFoundation.a */,
				798D9B4318D3A31A00F0A2AB /* MEFoundationTests.xctest */,
				798D9C7F18D4EEC900F0A2AB /* MEFoundation.framework */,
				798D9C9418D4EECA00F0A2AB /* MEFoundationFrameworkTests.xctest */,
			);
			name = Products;
			sourceTree = "<group>";
		};
		798D9B3518D3A31A00F0A2AB /* Frameworks */ = {
			isa = PBXGroup;
			children = (
				79E1F9D918D4F29700A2414E /* AppKit.framework */,
				79E1F9D718D4F27700A2414E /* Foundation.framework */,
				798D9B3618D3A31A00F0A2AB /* Foundation.framework */,
				798D9B4418D3A31A00F0A2AB /* XCTest.framework */,
				798D9B4718D3A31A00F0A2AB /* UIKit.framework */,
				798D9C8018D4EEC900F0A2AB /* Cocoa.framework */,
				798D9C8218D4EECA00F0A2AB /* Other Frameworks */,
			);
			name = Frameworks;
			sourceTree = "<group>";
		};
		798D9B3818D3A31A00F0A2AB /* MEFoundation */ = {
			isa = PBXGroup;
			children = (
				798D9B8418D3A45E00F0A2AB /* MEFoundation.h */,
				798D9B8518D3A48400F0A2AB /* Headers */,
				798D9B8618D3A48D00F0A2AB /* Categories */,
				798D9B3918D3A31A00F0A2AB /* Supporting Files */,
			);
			path = MEFoundation;
			sourceTree = "<group>";
		};
		798D9B3918D3A31A00F0A2AB /* Supporting Files */ = {
			isa = PBXGroup;
			children = (
				798D9B3A18D3A31A00F0A2AB /* MEFoundation-Prefix.pch */,
			);
			name = "Supporting Files";
			sourceTree = "<group>";
		};
		798D9B4C18D3A31A00F0A2AB /* MEFoundationTests */ = {
			isa = PBXGroup;
			children = (
				798D9B9818D3DF2200F0A2AB /* NSString+MEExtensionsTestCase.m */,
				798D9B4D18D3A31A00F0A2AB /* Supporting Files */,
			);
			path = MEFoundationTests;
			sourceTree = "<group>";
		};
		798D9B4D18D3A31A00F0A2AB /* Supporting Files */ = {
			isa = PBXGroup;
			children = (
				798D9B4E18D3A31A00F0A2AB /* MEFoundationTests-Info.plist */,
				798D9B4F18D3A31A00F0A2AB /* InfoPlist.strings */,
			);
			name = "Supporting Files";
			sourceTree = "<group>";
		};
		798D9B8518D3A48400F0A2AB /* Headers */ = {
			isa = PBXGroup;
			children = (
				798D9B5C18D3A42000F0A2AB /* MEDebugging.h */,
				798D9B5D18D3A42000F0A2AB /* MEFunctions.h */,
				798D9B5E18D3A42000F0A2AB /* MEGeometry.h */,
				798D9B5F18D3A42000F0A2AB /* MEMacros.h */,
			);
			name = Headers;
			sourceTree = "<group>";
		};
		798D9B8618D3A48D00F0A2AB /* Categories */ = {
			isa = PBXGroup;
			children = (
				798D9B6018D3A42000F0A2AB /* NSArray+MEExtensions.h */,
				798D9B6118D3A42000F0A2AB /* NSArray+MEExtensions.m */,
				798D9B6218D3A42000F0A2AB /* NSBundle+MEExtensions.h */,
				798D9B6318D3A42000F0A2AB /* NSBundle+MEExtensions.m */,
				798D9B6418D3A42000F0A2AB /* NSData+MEExtensions.h */,
				798D9B6518D3A42000F0A2AB /* NSData+MEExtensions.m */,
				798D9B6618D3A42000F0A2AB /* NSDate+MEExtensions.h */,
				798D9B6718D3A42000F0A2AB /* NSDate+MEExtensions.m */,
				798D9B6A18D3A42000F0A2AB /* NSFileManager+MEExtensions.h */,
				798D9B6B18D3A42000F0A2AB /* NSFileManager+MEExtensions.m */,
				798D9B6C18D3A42000F0A2AB /* NSMutableArray+MEExtensions.h */,
				798D9B6D18D3A42000F0A2AB /* NSMutableArray+MEExtensions.m */,
				798D9B6E18D3A42000F0A2AB /* NSObject+MEExtensions.h */,
				798D9B6F18D3A42000F0A2AB /* NSObject+MEExtensions.m */,
				798D9B7018D3A42000F0A2AB /* NSObject+MELocalizationExtensions.h */,
				798D9B7118D3A42000F0A2AB /* NSObject+MELocalizationExtensions.m */,
				798D9B7218D3A42000F0A2AB /* NSSet+MEExtensions.h */,
				798D9B7318D3A42000F0A2AB /* NSSet+MEExtensions.m */,
				798D9B7418D3A42000F0A2AB /* NSString+MEExtensions.h */,
				798D9B7518D3A42000F0A2AB /* NSString+MEExtensions.m */,
				798D9B7618D3A42000F0A2AB /* NSURL+MEExtensions.h */,
				798D9B7718D3A42000F0A2AB /* NSURL+MEExtensions.m */,
			);
			name = Categories;
			sourceTree = "<group>";
		};
		798D9C8218D4EECA00F0A2AB /* Other Frameworks */ = {
			isa = PBXGroup;
			children = (
				798D9C8318D4EECA00F0A2AB /* Foundation.framework */,
				798D9C8418D4EECA00F0A2AB /* CoreData.framework */,
				798D9C8518D4EECA00F0A2AB /* AppKit.framework */,
			);
			name = "Other Frameworks";
			sourceTree = "<group>";
		};
		798D9C8618D4EECA00F0A2AB /* MEFoundationFramework */ = {
			isa = PBXGroup;
			children = (
				798D9C8718D4EECA00F0A2AB /* Supporting Files */,
			);
			path = MEFoundationFramework;
			sourceTree = "<group>";
		};
		798D9C8718D4EECA00F0A2AB /* Supporting Files */ = {
			isa = PBXGroup;
			children = (
				798D9C8818D4EECA00F0A2AB /* MEFoundationFramework-Info.plist */,
				798D9C8918D4EECA00F0A2AB /* InfoPlist.strings */,
				798D9C8C18D4EECA00F0A2AB /* MEFoundationFramework-Prefix.pch */,
			);
			name = "Supporting Files";
			sourceTree = "<group>";
		};
		798D9C9A18D4EECA00F0A2AB /* MEFoundationFrameworkTests */ = {
			isa = PBXGroup;
			children = (
				798D9C9B18D4EECA00F0A2AB /* Supporting Files */,
			);
			path = MEFoundationFrameworkTests;
			sourceTree = "<group>";
		};
		798D9C9B18D4EECA00F0A2AB /* Supporting Files */ = {
			isa = PBXGroup;
			children = (
				798D9C9C18D4EECA00F0A2AB /* MEFoundationFrameworkTests-Info.plist */,
				798D9C9D18D4EECA00F0A2AB /* InfoPlist.strings */,
			);
			name = "Supporting Files";
			sourceTree = "<group>";
		};
/* End PBXGroup section */

/* Begin PBXHeadersBuildPhase section */
		798D9C7C18D4EEC900F0A2AB /* Headers */ = {
			isa = PBXHeadersBuildPhase;
			buildActionMask = 2147483647;
			files = (
				79E1F9BB18D4F0BC00A2414E /* MEFoundation.h in Headers */,
				79E1F9BC18D4F0CC00A2414E /* MEDebugging.h in Headers */,
				79E1F9BD18D4F0CC00A2414E /* MEFunctions.h in Headers */,
				79E1F9BE18D4F0CC00A2414E /* MEGeometry.h in Headers */,
				79E1F9BF18D4F0CC00A2414E /* MEMacros.h in Headers */,
				79E1F9C018D4F0E700A2414E /* NSArray+MEExtensions.h in Headers */,
				79E1F9C118D4F0E700A2414E /* NSBundle+MEExtensions.h in Headers */,
				79E1F9C218D4F0E700A2414E /* NSData+MEExtensions.h in Headers */,
				79E1F9C318D4F0E700A2414E /* NSDate+MEExtensions.h in Headers */,
				79E1F9C418D4F0E700A2414E /* NSFileManager+MEExtensions.h in Headers */,
				79E1F9C518D4F0E700A2414E /* NSMutableArray+MEExtensions.h in Headers */,
				79E1F9C618D4F0E700A2414E /* NSObject+MEExtensions.h in Headers */,
				79E1F9C718D4F0E700A2414E /* NSObject+MELocalizationExtensions.h in Headers */,
				79E1F9C818D4F0E700A2414E /* NSSet+MEExtensions.h in Headers */,
				79E1F9C918D4F0E700A2414E /* NSString+MEExtensions.h in Headers */,
				79E1F9CA18D4F0E700A2414E /* NSURL+MEExtensions.h in Headers */,
			);
			runOnlyForDeploymentPostprocessing = 0;
		};
/* End PBXHeadersBuildPhase section */

/* Begin PBXNativeTarget section */
		798D9B3218D3A31A00F0A2AB /* MEFoundation */ = {
			isa = PBXNativeTarget;
			buildConfigurationList = 798D9B5618D3A31A00F0A2AB /* Build configuration list for PBXNativeTarget "MEFoundation" */;
			buildPhases = (
				798D9B2F18D3A31A00F0A2AB /* Sources */,
				798D9B3018D3A31A00F0A2AB /* Frameworks */,
				798D9B3118D3A31A00F0A2AB /* CopyFiles */,
			);
			buildRules = (
			);
			dependencies = (
			);
			name = MEFoundation;
			productName = MEFoundation;
			productReference = 798D9B3318D3A31A00F0A2AB /* libMEFoundation.a */;
			productType = "com.apple.product-type.library.static";
		};
		798D9B4218D3A31A00F0A2AB /* MEFoundationTests */ = {
			isa = PBXNativeTarget;
			buildConfigurationList = 798D9B5918D3A31A00F0A2AB /* Build configuration list for PBXNativeTarget "MEFoundationTests" */;
			buildPhases = (
				798D9B3F18D3A31A00F0A2AB /* Sources */,
				798D9B4018D3A31A00F0A2AB /* Frameworks */,
				798D9B4118D3A31A00F0A2AB /* Resources */,
			);
			buildRules = (
			);
			dependencies = (
				798D9B4A18D3A31A00F0A2AB /* PBXTargetDependency */,
			);
			name = MEFoundationTests;
			productName = MEFoundationTests;
			productReference = 798D9B4318D3A31A00F0A2AB /* MEFoundationTests.xctest */;
			productType = "com.apple.product-type.bundle.unit-test";
		};
		798D9C7E18D4EEC900F0A2AB /* MEFoundationFramework */ = {
			isa = PBXNativeTarget;
			buildConfigurationList = 798D9CA618D4EECA00F0A2AB /* Build configuration list for PBXNativeTarget "MEFoundationFramework" */;
			buildPhases = (
				798D9C7A18D4EEC900F0A2AB /* Sources */,
				798D9C7B18D4EEC900F0A2AB /* Frameworks */,
				798D9C7C18D4EEC900F0A2AB /* Headers */,
				798D9C7D18D4EEC900F0A2AB /* Resources */,
			);
			buildRules = (
			);
			dependencies = (
			);
			name = MEFoundationFramework;
			productName = MEFoundationFramework;
			productReference = 798D9C7F18D4EEC900F0A2AB /* MEFoundation.framework */;
			productType = "com.apple.product-type.framework";
		};
		798D9C9318D4EECA00F0A2AB /* MEFoundationFrameworkTests */ = {
			isa = PBXNativeTarget;
			buildConfigurationList = 798D9CA718D4EECA00F0A2AB /* Build configuration list for PBXNativeTarget "MEFoundationFrameworkTests" */;
			buildPhases = (
				798D9C9018D4EECA00F0A2AB /* Sources */,
				798D9C9118D4EECA00F0A2AB /* Frameworks */,
				798D9C9218D4EECA00F0A2AB /* Resources */,
			);
			buildRules = (
			);
			dependencies = (
				798D9C9818D4EECA00F0A2AB /* PBXTargetDependency */,
			);
			name = MEFoundationFrameworkTests;
			productName = MEFoundationFrameworkTests;
			productReference = 798D9C9418D4EECA00F0A2AB /* MEFoundationFrameworkTests.xctest */;
			productType = "com.apple.product-type.bundle.unit-test";
		};
/* End PBXNativeTarget section */

/* Begin PBXProject section */
		798D9B2B18D3A31A00F0A2AB /* Project object */ = {
			isa = PBXProject;
			attributes = {
				LastUpgradeCheck = 0500;
				ORGANIZATIONNAME = "Maestro, LLC.";
				TargetAttributes = {
					798D9B4218D3A31A00F0A2AB = {
						TestTargetID = 798D9C7E18D4EEC900F0A2AB;
					};
					798D9C9318D4EECA00F0A2AB = {
						TestTargetID = 798D9C7E18D4EEC900F0A2AB;
					};
				};
			};
			buildConfigurationList = 798D9B2E18D3A31A00F0A2AB /* Build configuration list for PBXProject "MEFoundation" */;
			compatibilityVersion = "Xcode 3.2";
			developmentRegion = English;
			hasScannedForEncodings = 0;
			knownRegions = (
				en,
			);
			mainGroup = 798D9B2A18D3A31A00F0A2AB;
			productRefGroup = 798D9B3418D3A31A00F0A2AB /* Products */;
			projectDirPath = "";
			projectRoot = "";
			targets = (
				798D9B3218D3A31A00F0A2AB /* MEFoundation */,
				798D9B4218D3A31A00F0A2AB /* MEFoundationTests */,
				798D9C7E18D4EEC900F0A2AB /* MEFoundationFramework */,
				798D9C9318D4EECA00F0A2AB /* MEFoundationFrameworkTests */,
			);
		};
/* End PBXProject section */

/* Begin PBXResourcesBuildPhase section */
		798D9B4118D3A31A00F0A2AB /* Resources */ = {
			isa = PBXResourcesBuildPhase;
			buildActionMask = 2147483647;
			files = (
				798D9B5118D3A31A00F0A2AB /* InfoPlist.strings in Resources */,
			);
			runOnlyForDeploymentPostprocessing = 0;
		};
		798D9C7D18D4EEC900F0A2AB /* Resources */ = {
			isa = PBXResourcesBuildPhase;
			buildActionMask = 2147483647;
			files = (
				798D9C8B18D4EECA00F0A2AB /* InfoPlist.strings in Resources */,
			);
			runOnlyForDeploymentPostprocessing = 0;
		};
		798D9C9218D4EECA00F0A2AB /* Resources */ = {
			isa = PBXResourcesBuildPhase;
			buildActionMask = 2147483647;
			files = (
				798D9C9F18D4EECA00F0A2AB /* InfoPlist.strings in Resources */,
			);
			runOnlyForDeploymentPostprocessing = 0;
		};
/* End PBXResourcesBuildPhase section */

/* Begin PBXSourcesBuildPhase section */
		798D9B2F18D3A31A00F0A2AB /* Sources */ = {
			isa = PBXSourcesBuildPhase;
			buildActionMask = 2147483647;
			files = (
				798D9B7E18D3A42000F0A2AB /* NSMutableArray+MEExtensions.m in Sources */,
				798D9B7B18D3A42000F0A2AB /* NSDate+MEExtensions.m in Sources */,
				798D9B8018D3A42000F0A2AB /* NSObject+MELocalizationExtensions.m in Sources */,
				798D9B8218D3A42000F0A2AB /* NSString+MEExtensions.m in Sources */,
				798D9B8318D3A42000F0A2AB /* NSURL+MEExtensions.m in Sources */,
				798D9B7A18D3A42000F0A2AB /* NSData+MEExtensions.m in Sources */,
				798D9B7918D3A42000F0A2AB /* NSBundle+MEExtensions.m in Sources */,
				798D9B7D18D3A42000F0A2AB /* NSFileManager+MEExtensions.m in Sources */,
				798D9B7818D3A42000F0A2AB /* NSArray+MEExtensions.m in Sources */,
				798D9B7F18D3A42000F0A2AB /* NSObject+MEExtensions.m in Sources */,
				798D9B8118D3A42000F0A2AB /* NSSet+MEExtensions.m in Sources */,
			);
			runOnlyForDeploymentPostprocessing = 0;
		};
		798D9B3F18D3A31A00F0A2AB /* Sources */ = {
			isa = PBXSourcesBuildPhase;
			buildActionMask = 2147483647;
			files = (
				798D9B9918D3DF2200F0A2AB /* NSString+MEExtensionsTestCase.m in Sources */,
			);
			runOnlyForDeploymentPostprocessing = 0;
		};
		798D9C7A18D4EEC900F0A2AB /* Sources */ = {
			isa = PBXSourcesBuildPhase;
			buildActionMask = 2147483647;
			files = (
				79E1F9CC18D4F1A000A2414E /* NSArray+MEExtensions.m in Sources */,
				79E1F9CD18D4F1A000A2414E /* NSBundle+MEExtensions.m in Sources */,
				79E1F9CE18D4F1A000A2414E /* NSData+MEExtensions.m in Sources */,
				79E1F9CF18D4F1A000A2414E /* NSDate+MEExtensions.m in Sources */,
				79E1F9D018D4F1A000A2414E /* NSFileManager+MEExtensions.m in Sources */,
				79E1F9D118D4F1A000A2414E /* NSMutableArray+MEExtensions.m in Sources */,
				79E1F9D218D4F1A000A2414E /* NSObject+MEExtensions.m in Sources */,
				79E1F9D318D4F1A000A2414E /* NSObject+MELocalizationExtensions.m in Sources */,
				79E1F9D418D4F1A000A2414E /* NSSet+MEExtensions.m in Sources */,
				79E1F9D518D4F1A000A2414E /* NSString+MEExtensions.m in Sources */,
				79E1F9D618D4F1A000A2414E /* NSURL+MEExtensions.m in Sources */,
			);
			runOnlyForDeploymentPostprocessing = 0;
		};
		798D9C9018D4EECA00F0A2AB /* Sources */ = {
			isa = PBXSourcesBuildPhase;
			buildActionMask = 2147483647;
			files = (
				79E1F9CB18D4F12700A2414E /* NSString+MEExtensionsTestCase.m in Sources */,
			);
			runOnlyForDeploymentPostprocessing = 0;
		};
/* End PBXSourcesBuildPhase section */

/* Begin PBXTargetDependency section */
		798D9B4A18D3A31A00F0A2AB /* PBXTargetDependency */ = {
			isa = PBXTargetDependency;
			target = 798D9B3218D3A31A00F0A2AB /* MEFoundation */;
			targetProxy = 798D9B4918D3A31A00F0A2AB /* PBXContainerItemProxy */;
		};
		798D9C9818D4EECA00F0A2AB /* PBXTargetDependency */ = {
			isa = PBXTargetDependency;
			target = 798D9C7E18D4EEC900F0A2AB /* MEFoundationFramework */;
			targetProxy = 798D9C9718D4EECA00F0A2AB /* PBXContainerItemProxy */;
		};
/* End PBXTargetDependency section */

/* Begin PBXVariantGroup section */
		798D9B4F18D3A31A00F0A2AB /* InfoPlist.strings */ = {
			isa = PBXVariantGroup;
			children = (
				798D9B5018D3A31A00F0A2AB /* en */,
			);
			name = InfoPlist.strings;
			sourceTree = "<group>";
		};
		798D9C8918D4EECA00F0A2AB /* InfoPlist.strings */ = {
			isa = PBXVariantGroup;
			children = (
				798D9C8A18D4EECA00F0A2AB /* en */,
			);
			name = InfoPlist.strings;
			sourceTree = "<group>";
		};
		798D9C9D18D4EECA00F0A2AB /* InfoPlist.strings */ = {
			isa = PBXVariantGroup;
			children = (
				798D9C9E18D4EECA00F0A2AB /* en */,
			);
			name = InfoPlist.strings;
			sourceTree = "<group>";
		};
/* End PBXVariantGroup section */

/* Begin XCBuildConfiguration section */
		798D9B5418D3A31A00F0A2AB /* Debug */ = {
			isa = XCBuildConfiguration;
			buildSettings = {
				ALWAYS_SEARCH_USER_PATHS = NO;
				ARCHS = "$(ARCHS_STANDARD_INCLUDING_64_BIT)";
				CLANG_CXX_LANGUAGE_STANDARD = "gnu++0x";
				CLANG_CXX_LIBRARY = "libc++";
				CLANG_ENABLE_MODULES = YES;
				CLANG_ENABLE_OBJC_ARC = YES;
				CLANG_WARN_BOOL_CONVERSION = YES;
				CLANG_WARN_CONSTANT_CONVERSION = YES;
				CLANG_WARN_DIRECT_OBJC_ISA_USAGE = YES_ERROR;
				CLANG_WARN_EMPTY_BODY = YES;
				CLANG_WARN_ENUM_CONVERSION = YES;
				CLANG_WARN_INT_CONVERSION = YES;
				CLANG_WARN_OBJC_ROOT_CLASS = YES_ERROR;
				CLANG_WARN__DUPLICATE_METHOD_MATCH = YES;
				COPY_PHASE_STRIP = NO;
				GCC_C_LANGUAGE_STANDARD = gnu99;
				GCC_DYNAMIC_NO_PIC = NO;
				GCC_OPTIMIZATION_LEVEL = 0;
				GCC_PREPROCESSOR_DEFINITIONS = (
					"DEBUG=1",
					"$(inherited)",
				);
				GCC_SYMBOLS_PRIVATE_EXTERN = NO;
				GCC_WARN_64_TO_32_BIT_CONVERSION = YES;
				GCC_WARN_ABOUT_RETURN_TYPE = YES_ERROR;
				GCC_WARN_UNDECLARED_SELECTOR = YES;
				GCC_WARN_UNINITIALIZED_AUTOS = YES;
				GCC_WARN_UNUSED_FUNCTION = YES;
				GCC_WARN_UNUSED_VARIABLE = YES;
				IPHONEOS_DEPLOYMENT_TARGET = 7.0;
				ONLY_ACTIVE_ARCH = YES;
				SDKROOT = iphoneos;
			};
			name = Debug;
		};
		798D9B5518D3A31A00F0A2AB /* Release */ = {
			isa = XCBuildConfiguration;
			buildSettings = {
				ALWAYS_SEARCH_USER_PATHS = NO;
				ARCHS = "$(ARCHS_STANDARD_INCLUDING_64_BIT)";
				CLANG_CXX_LANGUAGE_STANDARD = "gnu++0x";
				CLANG_CXX_LIBRARY = "libc++";
				CLANG_ENABLE_MODULES = YES;
				CLANG_ENABLE_OBJC_ARC = YES;
				CLANG_WARN_BOOL_CONVERSION = YES;
				CLANG_WARN_CONSTANT_CONVERSION = YES;
				CLANG_WARN_DIRECT_OBJC_ISA_USAGE = YES_ERROR;
				CLANG_WARN_EMPTY_BODY = YES;
				CLANG_WARN_ENUM_CONVERSION = YES;
				CLANG_WARN_INT_CONVERSION = YES;
				CLANG_WARN_OBJC_ROOT_CLASS = YES_ERROR;
				CLANG_WARN__DUPLICATE_METHOD_MATCH = YES;
				COPY_PHASE_STRIP = YES;
				ENABLE_NS_ASSERTIONS = NO;
				GCC_C_LANGUAGE_STANDARD = gnu99;
				GCC_WARN_64_TO_32_BIT_CONVERSION = YES;
				GCC_WARN_ABOUT_RETURN_TYPE = YES_ERROR;
				GCC_WARN_UNDECLARED_SELECTOR = YES;
				GCC_WARN_UNINITIALIZED_AUTOS = YES;
				GCC_WARN_UNUSED_FUNCTION = YES;
				GCC_WARN_UNUSED_VARIABLE = YES;
				IPHONEOS_DEPLOYMENT_TARGET = 7.0;
				SDKROOT = iphoneos;
				VALIDATE_PRODUCT = YES;
			};
			name = Release;
		};
		798D9B5718D3A31A00F0A2AB /* Debug */ = {
			isa = XCBuildConfiguration;
			buildSettings = {
				DSTROOT = /tmp/MEFoundation.dst;
				GCC_PRECOMPILE_PREFIX_HEADER = YES;
				GCC_PREFIX_HEADER = "MEFoundation/MEFoundation-Prefix.pch";
				OTHER_LDFLAGS = "-ObjC";
				PRIVATE_HEADERS_FOLDER_PATH = "${PUBLIC_HEADERS_FOLDER_PATH}/${PROJECT_NAME}";
				PRODUCT_NAME = MEFoundation;
				PUBLIC_HEADERS_FOLDER_PATH = include;
				SKIP_INSTALL = YES;
			};
			name = Debug;
		};
		798D9B5818D3A31A00F0A2AB /* Release */ = {
			isa = XCBuildConfiguration;
			buildSettings = {
				DSTROOT = /tmp/MEFoundation.dst;
				GCC_PRECOMPILE_PREFIX_HEADER = YES;
				GCC_PREFIX_HEADER = "MEFoundation/MEFoundation-Prefix.pch";
				OTHER_LDFLAGS = "-ObjC";
				PRIVATE_HEADERS_FOLDER_PATH = "${PUBLIC_HEADERS_FOLDER_PATH}/${PROJECT_NAME}";
				PRODUCT_NAME = MEFoundation;
				PUBLIC_HEADERS_FOLDER_PATH = include;
				SKIP_INSTALL = YES;
			};
			name = Release;
		};
		798D9B5A18D3A31A00F0A2AB /* Debug */ = {
			isa = XCBuildConfiguration;
			buildSettings = {
				ARCHS = "$(ARCHS_STANDARD_INCLUDING_64_BIT)";
				BUNDLE_LOADER = "$(BUILT_PRODUCTS_DIR)/MEFoundationFramework.framework/Versions/A/MEFoundationFramework";
				FRAMEWORK_SEARCH_PATHS = (
					"$(SDKROOT)/Developer/Library/Frameworks",
					"$(inherited)",
					"$(DEVELOPER_FRAMEWORKS_DIR)",
				);
				GCC_PRECOMPILE_PREFIX_HEADER = YES;
				GCC_PREFIX_HEADER = "MEFoundation/MEFoundation-Prefix.pch";
				GCC_PREPROCESSOR_DEFINITIONS = (
					"DEBUG=1",
					"$(inherited)",
				);
				INFOPLIST_FILE = "MEFoundationTests/MEFoundationTests-Info.plist";
				OTHER_LDFLAGS = (
					"$(inherited)",
					"-framework",
					XCTest,
					"-all_load",
					"-ObjC",
				);
				PRODUCT_NAME = "$(TARGET_NAME)";
				TEST_HOST = "$(BUNDLE_LOADER)";
				WRAPPER_EXTENSION = xctest;
			};
			name = Debug;
		};
		798D9B5B18D3A31A00F0A2AB /* Release */ = {
			isa = XCBuildConfiguration;
			buildSettings = {
				ARCHS = "$(ARCHS_STANDARD_INCLUDING_64_BIT)";
				BUNDLE_LOADER = "$(BUILT_PRODUCTS_DIR)/MEFoundationFramework.framework/Versions/A/MEFoundationFramework";
				FRAMEWORK_SEARCH_PATHS = (
					"$(SDKROOT)/Developer/Library/Frameworks",
					"$(inherited)",
					"$(DEVELOPER_FRAMEWORKS_DIR)",
				);
				GCC_PRECOMPILE_PREFIX_HEADER = YES;
				GCC_PREFIX_HEADER = "MEFoundation/MEFoundation-Prefix.pch";
				INFOPLIST_FILE = "MEFoundationTests/MEFoundationTests-Info.plist";
				OTHER_LDFLAGS = (
					"$(inherited)",
					"-framework",
					XCTest,
					"-all_load",
					"-ObjC",
				);
				PRODUCT_NAME = "$(TARGET_NAME)";
				TEST_HOST = "$(BUNDLE_LOADER)";
				WRAPPER_EXTENSION = xctest;
			};
			name = Release;
		};
		798D9CA218D4EECA00F0A2AB /* Debug */ = {
			isa = XCBuildConfiguration;
			buildSettings = {
				ARCHS = "$(ARCHS_STANDARD)";
				COMBINE_HIDPI_IMAGES = YES;
				DYLIB_COMPATIBILITY_VERSION = 1;
				DYLIB_CURRENT_VERSION = 1;
				FRAMEWORK_SEARCH_PATHS = (
					"$(inherited)",
					"$(DEVELOPER_FRAMEWORKS_DIR)",
				);
				FRAMEWORK_VERSION = A;
				GCC_ENABLE_OBJC_EXCEPTIONS = YES;
				GCC_PRECOMPILE_PREFIX_HEADER = YES;
				GCC_PREFIX_HEADER = "MEFoundationFramework/MEFoundationFramework-Prefix.pch";
				GCC_PREPROCESSOR_DEFINITIONS = (
					"DEBUG=1",
					"$(inherited)",
				);
				INFOPLIST_FILE = "MEFoundationFramework/MEFoundationFramework-Info.plist";
				MACOSX_DEPLOYMENT_TARGET = 10.9;
				PRODUCT_NAME = MEFoundation;
				SDKROOT = macosx;
				WRAPPER_EXTENSION = framework;
			};
			name = Debug;
		};
		798D9CA318D4EECA00F0A2AB /* Release */ = {
			isa = XCBuildConfiguration;
			buildSettings = {
				ARCHS = "$(ARCHS_STANDARD)";
				COMBINE_HIDPI_IMAGES = YES;
				DEBUG_INFORMATION_FORMAT = "dwarf-with-dsym";
				DYLIB_COMPATIBILITY_VERSION = 1;
				DYLIB_CURRENT_VERSION = 1;
				FRAMEWORK_SEARCH_PATHS = (
					"$(inherited)",
					"$(DEVELOPER_FRAMEWORKS_DIR)",
				);
				FRAMEWORK_VERSION = A;
				GCC_ENABLE_OBJC_EXCEPTIONS = YES;
				GCC_PRECOMPILE_PREFIX_HEADER = YES;
				GCC_PREFIX_HEADER = "MEFoundationFramework/MEFoundationFramework-Prefix.pch";
				INFOPLIST_FILE = "MEFoundationFramework/MEFoundationFramework-Info.plist";
				MACOSX_DEPLOYMENT_TARGET = 10.9;
				PRODUCT_NAME = MEFoundation;
				SDKROOT = macosx;
				WRAPPER_EXTENSION = framework;
			};
			name = Release;
		};
		798D9CA418D4EECA00F0A2AB /* Debug */ = {
			isa = XCBuildConfiguration;
			buildSettings = {
				ARCHS = "$(ARCHS_STANDARD)";
				BUNDLE_LOADER = "$(BUILT_PRODUCTS_DIR)/MEFoundation.framework/Versions/A/MEFoundation";
				COMBINE_HIDPI_IMAGES = YES;
				FRAMEWORK_SEARCH_PATHS = (
					"$(DEVELOPER_FRAMEWORKS_DIR)",
					"$(inherited)",
				);
				GCC_ENABLE_OBJC_EXCEPTIONS = YES;
				GCC_PRECOMPILE_PREFIX_HEADER = YES;
				GCC_PREFIX_HEADER = "MEFoundationFramework/MEFoundationFramework-Prefix.pch";
				GCC_PREPROCESSOR_DEFINITIONS = (
					"DEBUG=1",
					"$(inherited)",
				);
				INFOPLIST_FILE = "MEFoundationFrameworkTests/MEFoundationFrameworkTests-Info.plist";
				MACOSX_DEPLOYMENT_TARGET = 10.9;
				PRODUCT_NAME = "$(TARGET_NAME)";
				SDKROOT = macosx;
				TEST_HOST = "$(BUNDLE_LOADER)";
				WRAPPER_EXTENSION = xctest;
			};
			name = Debug;
		};
		798D9CA518D4EECA00F0A2AB /* Release */ = {
			isa = XCBuildConfiguration;
			buildSettings = {
				ARCHS = "$(ARCHS_STANDARD)";
				BUNDLE_LOADER = "$(BUILT_PRODUCTS_DIR)/MEFoundation.framework/Versions/A/MEFoundation";
				COMBINE_HIDPI_IMAGES = YES;
				DEBUG_INFORMATION_FORMAT = "dwarf-with-dsym";
				FRAMEWORK_SEARCH_PATHS = (
					"$(DEVELOPER_FRAMEWORKS_DIR)",
					"$(inherited)",
				);
				GCC_ENABLE_OBJC_EXCEPTIONS = YES;
				GCC_PRECOMPILE_PREFIX_HEADER = YES;
				GCC_PREFIX_HEADER = "MEFoundationFramework/MEFoundationFramework-Prefix.pch";
				INFOPLIST_FILE = "MEFoundationFrameworkTests/MEFoundationFrameworkTests-Info.plist";
				MACOSX_DEPLOYMENT_TARGET = 10.9;
				PRODUCT_NAME = "$(TARGET_NAME)";
				SDKROOT = macosx;
				TEST_HOST = "$(BUNDLE_LOADER)";
				WRAPPER_EXTENSION = xctest;
			};
			name = Release;
		};
/* End XCBuildConfiguration section */

/* Begin XCConfigurationList section */
		798D9B2E18D3A31A00F0A2AB /* Build configuration list for PBXProject "MEFoundation" */ = {
			isa = XCConfigurationList;
			buildConfigurations = (
				798D9B5418D3A31A00F0A2AB /* Debug */,
				798D9B5518D3A31A00F0A2AB /* Release */,
			);
			defaultConfigurationIsVisible = 0;
			defaultConfigurationName = Release;
		};
		798D9B5618D3A31A00F0A2AB /* Build configuration list for PBXNativeTarget "MEFoundation" */ = {
			isa = XCConfigurationList;
			buildConfigurations = (
				798D9B5718D3A31A00F0A2AB /* Debug */,
				798D9B5818D3A31A00F0A2AB /* Release */,
			);
			defaultConfigurationIsVisible = 0;
			defaultConfigurationName = Release;
		};
		798D9B5918D3A31A00F0A2AB /* Build configuration list for PBXNativeTarget "MEFoundationTests" */ = {
			isa = XCConfigurationList;
			buildConfigurations = (
				798D9B5A18D3A31A00F0A2AB /* Debug */,
				798D9B5B18D3A31A00F0A2AB /* Release */,
			);
			defaultConfigurationIsVisible = 0;
			defaultConfigurationName = Release;
		};
		798D9CA618D4EECA00F0A2AB /* Build configuration list for PBXNativeTarget "MEFoundationFramework" */ = {
			isa = XCConfigurationList;
			buildConfigurations = (
				798D9CA218D4EECA00F0A2AB /* Debug */,
				798D9CA318D4EECA00F0A2AB /* Release */,
			);
			defaultConfigurationIsVisible = 0;
			defaultConfigurationName = Release;
		};
		798D9CA718D4EECA00F0A2AB /* Build configuration list for PBXNativeTarget "MEFoundationFrameworkTests" */ = {
			isa = XCConfigurationList;
			buildConfigurations = (
				798D9CA418D4EECA00F0A2AB /* Debug */,
				798D9CA518D4EECA00F0A2AB /* Release */,
			);
			defaultConfigurationIsVisible = 0;
			defaultConfigurationName = Release;
		};
/* End XCConfigurationList section */
	};
	rootObject = 798D9B2B18D3A31A00F0A2AB /* Project object */;
}
